
Microsoft Visual Studio Solution File, Format Version 12.00
# Visual Studio 15
VisualStudioVersion = 15.0.26730.12
MinimumVisualStudioVersion = 10.0.40219.1
Project("{8BC9CEB8-8B4A-11D0-8D11-00A0C91BC942}") = "Mafi", "Mafi\Mafi.vcxproj", "{532E8F27-D4A5-42E6-8EC0-F20F404AA71F}"
EndProject
Global
	GlobalSection(SolutionConfigurationPlatforms) = preSolution
		Debug|x64 = Debug|x64
		Debug|x86 = Debug|x86
		Release|x64 = Release|x64
		Release|x86 = Release|x86
	EndGlobalSection
	GlobalSection(ProjectConfigurationPlatforms) = postSolution
		{532E8F27-D4A5-42E6-8EC0-F20F404AA71F}.Debug|x64.ActiveCfg = Debug|x64
		{532E8F27-D4A5-42E6-8EC0-F20F404AA71F}.Debug|x64.Build.0 = Debug|x64
		{532E8F27-D4A5-42E6-8EC0-F20F404AA71F}.Debug|x86.ActiveCfg = Debug|Win32
		{532E8F27-D4A5-42E6-8EC0-F20F404AA71F}.Debug|x86.Build.0 = Debug|Win32
		{532E8F27-D4A5-42E6-8EC0-F20F404AA71F}.Release|x64.ActiveCfg = Release|x64
		{532E8F27-D4A5-42E6-8EC0-F20F404AA71F}.Release|x64.Build.0 = Release|x64
		{532E8F27-D4A5-42E6-8EC0-F20F404AA71F}.Release|x86.ActiveCfg = Release|Win32
		{532E8F27-D4A5-42E6-8EC0-F20F404AA71F}.Release|x86.Build.0 = Release|Win32
	EndGlobalSection
	GlobalSection(SolutionProperties) = preSolution
		HideSolutionNode = FALSE
	EndGlobalSection
	GlobalSection(ExtensibilityGlobals) = postSolution
		SolutionGuid = {5FEF7156-0F4E-4D46-B176-7E1C76674618}
	EndGlobalSection
EndGlobal
